# THIS IS AN AUTOGENERATED FILE. DO NOT EDIT THIS FILE DIRECTLY.
# yarn lockfile v1


mustache@^3.0.1:
  version "3.2.1"
  resolved "https://registry.yarnpkg.com/mustache/-/mustache-3.2.1.tgz#89e78a9d207d78f2799b1e95764a25bf71a28322"
  integrity sha512-RERvMFdLpaFfSRIEe632yDm5nsd0SDKn8hGmcUwswnyiE5mtdZLDybtHAz6hjJhawokF0hXvGLtx9mrQfm6FkA==
